
Microsoft Visual Studio Solution File, Format Version 12.00
# Visual Studio Version 17
VisualStudioVersion = 17.11.35312.102
MinimumVisualStudioVersion = 10.0.40219.1
Project("{FAE04EC0-301F-11D3-BF4B-00C04F79EFBC}") = "Atlas", "Atlas\Atlas.csproj", "{BB7D6EEB-BA29-49F5-9E36-FA33A6B41600}"
EndProject
Global
	GlobalSection(SolutionConfigurationPlatforms) = preSolution
		Debug|Any CPU = Debug|Any CPU
		Release|Any CPU = Release|Any CPU
	EndGlobalSection
	GlobalSection(ProjectConfigurationPlatforms) = postSolution
		{BB7D6EEB-BA29-49F5-9E36-FA33A6B41600}.Debug|Any CPU.ActiveCfg = Debug|Any CPU
		{BB7D6EEB-BA29-49F5-9E36-FA33A6B41600}.Debug|Any CPU.Build.0 = Debug|Any CPU
		{BB7D6EEB-BA29-49F5-9E36-FA33A6B41600}.Release|Any CPU.ActiveCfg = Release|Any CPU
		{BB7D6EEB-BA29-49F5-9E36-FA33A6B41600}.Release|Any CPU.Build.0 = Release|Any CPU
	EndGlobalSection
	GlobalSection(SolutionProperties) = preSolution
		HideSolutionNode = FALSE
	EndGlobalSection
	GlobalSection(ExtensibilityGlobals) = postSolution
		SolutionGuid = {D96C6F3D-9EB0-4CE5-9C0D-EB49D9E2AB89}
	EndGlobalSection
EndGlobal
